
Microsoft Visual Studio Solution File, Format Version 12.00
# Visual Studio Version 17
VisualStudioVersion = 17.14.36518.9
MinimumVisualStudioVersion = 10.0.40219.1
Project("{FAE04EC0-301F-11D3-BF4B-00C04F79EFBC}") = "AbsoluteCinema", "AbsoluteCinema\AbsoluteCinema.csproj", "{A08F69BC-A573-4996-A783-66F082A368BD}"
EndProject
Global
	GlobalSection(SolutionConfigurationPlatforms) = preSolution
		Debug|Any CPU = Debug|Any CPU
		Release|Any CPU = Release|Any CPU
	EndGlobalSection
	GlobalSection(ProjectConfigurationPlatforms) = postSolution
		{A08F69BC-A573-4996-A783-66F082A368BD}.Debug|Any CPU.ActiveCfg = Debug|Any CPU
		{A08F69BC-A573-4996-A783-66F082A368BD}.Debug|Any CPU.Build.0 = Debug|Any CPU
		{A08F69BC-A573-4996-A783-66F082A368BD}.Release|Any CPU.ActiveCfg = Release|Any CPU
		{A08F69BC-A573-4996-A783-66F082A368BD}.Release|Any CPU.Build.0 = Release|Any CPU
	EndGlobalSection
	GlobalSection(SolutionProperties) = preSolution
		HideSolutionNode = FALSE
	EndGlobalSection
	GlobalSection(ExtensibilityGlobals) = postSolution
		SolutionGuid = {EA62F54D-05A9-4A84-B99D-7444408D6467}
	EndGlobalSection
EndGlobal
